// !$*UTF8*$!
{
	archiveVersion = 1;
	classes = {
	};
	objectVersion = 63;
	objects = {

/* Begin PBXBuildFile section */
		5AB989C12CC8D9EA00FE92A2 /* WeatherAppSUIApp.swift in Sources */ = {isa = PBXBuildFile; fileRef = 5AB989B72CC8D9EA00FE92A2 /* WeatherAppSUIApp.swift */; };
		5AB989C32CC8D9EA00FE92A2 /* Assets.xcassets in Resources */ = {isa = PBXBuildFile; fileRef = 5AB989B52CC8D9EA00FE92A2 /* Assets.xcassets */; };
		5AB989C92CC8DA4600FE92A2 /* LocationManager.swift in Sources */ = {isa = PBXBuildFile; fileRef = 5AB989C62CC8DA4600FE92A2 /* LocationManager.swift */; };
		5AB989CA2CC8DA4600FE92A2 /* WeatherIcon.swift in Sources */ = {isa = PBXBuildFile; fileRef = 5AB989C72CC8DA4600FE92A2 /* WeatherIcon.swift */; };
		5AB989CD2CC8DA4700FE92A2 /* ResponseStruct.swift in Sources */ = {isa = PBXBuildFile; fileRef = 5AB989CB2CC8DA4700FE92A2 /* ResponseStruct.swift */; };
		5AB989D12CC8DA4A00FE92A2 /* NetworkClient.swift in Sources */ = {isa = PBXBuildFile; fileRef = 5AB989CE2CC8DA4A00FE92A2 /* NetworkClient.swift */; };
		5AB989D22CC8DA4A00FE92A2 /* NetworkHelpers.swift in Sources */ = {isa = PBXBuildFile; fileRef = 5AB989CF2CC8DA4A00FE92A2 /* NetworkHelpers.swift */; };
		5AB989D52CC8DA4C00FE92A2 /* Preview Assets.xcassets in Resources */ = {isa = PBXBuildFile; fileRef = 5AB989D32CC8DA4C00FE92A2 /* Preview Assets.xcassets */; };
		5AB989DA2CC8DA4E00FE92A2 /* ContentView.swift in Sources */ = {isa = PBXBuildFile; fileRef = 5AB989D62CC8DA4E00FE92A2 /* ContentView.swift */; };
		5AB989DB2CC8DA4E00FE92A2 /* LoadingView.swift in Sources */ = {isa = PBXBuildFile; fileRef = 5AB989D72CC8DA4E00FE92A2 /* LoadingView.swift */; };
		5AB989DC2CC8DA4E00FE92A2 /* WeatherView.swift in Sources */ = {isa = PBXBuildFile; fileRef = 5AB989D82CC8DA4E00FE92A2 /* WeatherView.swift */; };
		5AB989DF2CC8DA5100FE92A2 /* WeatherViewModel.swift in Sources */ = {isa = PBXBuildFile; fileRef = 5AB989DD2CC8DA5100FE92A2 /* WeatherViewModel.swift */; };
/* End PBXBuildFile section */

/* Begin PBXFileReference section */
		5A6A791A2CC6660700934DF3 /* WeatherAppSUI.app */ = {isa = PBXFileReference; explicitFileType = wrapper.application; includeInIndex = 0; path = WeatherAppSUI.app; sourceTree = BUILT_PRODUCTS_DIR; };
		5AB989B52CC8D9EA00FE92A2 /* Assets.xcassets */ = {isa = PBXFileReference; lastKnownFileType = folder.assetcatalog; path = Assets.xcassets; sourceTree = "<group>"; };
		5AB989B62CC8D9EA00FE92A2 /* Info.plist */ = {isa = PBXFileReference; lastKnownFileType = text.plist.xml; path = Info.plist; sourceTree = "<group>"; };
		5AB989B72CC8D9EA00FE92A2 /* WeatherAppSUIApp.swift */ = {isa = PBXFileReference; lastKnownFileType = sourcecode.swift; path = WeatherAppSUIApp.swift; sourceTree = "<group>"; };
		5AB989C62CC8DA4600FE92A2 /* LocationManager.swift */ = {isa = PBXFileReference; lastKnownFileType = sourcecode.swift; path = LocationManager.swift; sourceTree = "<group>"; };
		5AB989C72CC8DA4600FE92A2 /* WeatherIcon.swift */ = {isa = PBXFileReference; lastKnownFileType = sourcecode.swift; path = WeatherIcon.swift; sourceTree = "<group>"; };
		5AB989CB2CC8DA4700FE92A2 /* ResponseStruct.swift */ = {isa = PBXFileReference; lastKnownFileType = sourcecode.swift; path = ResponseStruct.swift; sourceTree = "<group>"; };
		5AB989CE2CC8DA4A00FE92A2 /* NetworkClient.swift */ = {isa = PBXFileReference; lastKnownFileType = sourcecode.swift; path = NetworkClient.swift; sourceTree = "<group>"; };
		5AB989CF2CC8DA4A00FE92A2 /* NetworkHelpers.swift */ = {isa = PBXFileReference; lastKnownFileType = sourcecode.swift; path = NetworkHelpers.swift; sourceTree = "<group>"; };
		5AB989D32CC8DA4C00FE92A2 /* Preview Assets.xcassets */ = {isa = PBXFileReference; lastKnownFileType = folder.assetcatalog; path = "Preview Assets.xcassets"; sourceTree = "<group>"; };
		5AB989D62CC8DA4E00FE92A2 /* ContentView.swift */ = {isa = PBXFileReference; lastKnownFileType = sourcecode.swift; path = ContentView.swift; sourceTree = "<group>"; };
		5AB989D72CC8DA4E00FE92A2 /* LoadingView.swift */ = {isa = PBXFileReference; lastKnownFileType = sourcecode.swift; path = LoadingView.swift; sourceTree = "<group>"; };
		5AB989D82CC8DA4E00FE92A2 /* WeatherView.swift */ = {isa = PBXFileReference; lastKnownFileType = sourcecode.swift; path = WeatherView.swift; sourceTree = "<group>"; };
		5AB989DD2CC8DA5100FE92A2 /* WeatherViewModel.swift */ = {isa = PBXFileReference; lastKnownFileType = sourcecode.swift; path = WeatherViewModel.swift; sourceTree = "<group>"; };
/* End PBXFileReference section */

/* Begin PBXFrameworksBuildPhase section */
		5A6A79172CC6660700934DF3 /* Frameworks */ = {
			isa = PBXFrameworksBuildPhase;
			buildActionMask = 2147483647;
			files = (
			);
			runOnlyForDeploymentPostprocessing = 0;
		};
/* End PBXFrameworksBuildPhase section */

/* Begin PBXGroup section */
		5A6A79112CC6660700934DF3 = {
			isa = PBXGroup;
			children = (
				5AB989C52CC8DA3800FE92A2 /* WeatherAppSUI */,
				5A6A791B2CC6660700934DF3 /* Products */,
			);
			sourceTree = "<group>";
		};
		5A6A791B2CC6660700934DF3 /* Products */ = {
			isa = PBXGroup;
			children = (
				5A6A791A2CC6660700934DF3 /* WeatherAppSUI.app */,
			);
			name = Products;
			sourceTree = "<group>";
		};
		5AB989C52CC8DA3800FE92A2 /* WeatherAppSUI */ = {
			isa = PBXGroup;
			children = (
				5AB989E52CC8DB7A00FE92A2 /* View */,
				5AB989E42CC8DB5E00FE92A2 /* Preview Content */,
				5AB989E32CC8DAD800FE92A2 /* Network */,
				5AB989E22CC8DAC800FE92A2 /* Model */,
				5AB989E12CC8DAA900FE92A2 /* Helpers */,
				5AB989E02CC8DA9C00FE92A2 /* ViewModel */,
				5AB989B52CC8D9EA00FE92A2 /* Assets.xcassets */,
				5AB989B62CC8D9EA00FE92A2 /* Info.plist */,
				5AB989B72CC8D9EA00FE92A2 /* WeatherAppSUIApp.swift */,
			);
			path = WeatherAppSUI;
			sourceTree = "<group>";
		};
		5AB989E02CC8DA9C00FE92A2 /* ViewModel */ = {
			isa = PBXGroup;
			children = (
				5AB989DD2CC8DA5100FE92A2 /* WeatherViewModel.swift */,
			);
			path = ViewModel;
			sourceTree = "<group>";
		};
		5AB989E12CC8DAA900FE92A2 /* Helpers */ = {
			isa = PBXGroup;
			children = (
				5AB989C62CC8DA4600FE92A2 /* LocationManager.swift */,
				5AB989C72CC8DA4600FE92A2 /* WeatherIcon.swift */,
			);
			path = Helpers;
			sourceTree = "<group>";
		};
		5AB989E22CC8DAC800FE92A2 /* Model */ = {
			isa = PBXGroup;
			children = (
				5AB989CB2CC8DA4700FE92A2 /* ResponseStruct.swift */,
			);
			path = Model;
			sourceTree = "<group>";
		};
		5AB989E32CC8DAD800FE92A2 /* Network */ = {
			isa = PBXGroup;
			children = (
				5AB989CE2CC8DA4A00FE92A2 /* NetworkClient.swift */,
				5AB989CF2CC8DA4A00FE92A2 /* NetworkHelpers.swift */,
			);
			path = Network;
			sourceTree = "<group>";
		};
		5AB989E42CC8DB5E00FE92A2 /* Preview Content */ = {
			isa = PBXGroup;
			children = (
				5AB989D32CC8DA4C00FE92A2 /* Preview Assets.xcassets */,
			);
			path = "Preview Content";
			sourceTree = "<group>";
		};
		5AB989E52CC8DB7A00FE92A2 /* View */ = {
			isa = PBXGroup;
			children = (
				5AB989D62CC8DA4E00FE92A2 /* ContentView.swift */,
				5AB989D72CC8DA4E00FE92A2 /* LoadingView.swift */,
				5AB989D82CC8DA4E00FE92A2 /* WeatherView.swift */,
			);
			path = View;
			sourceTree = "<group>";
		};
/* End PBXGroup section */

/* Begin PBXNativeTarget section */
		5A6A79192CC6660700934DF3 /* WeatherAppSUI */ = {
			isa = PBXNativeTarget;
			buildConfigurationList = 5A6A79282CC6660900934DF3 /* Build configuration list for PBXNativeTarget "WeatherAppSUI" */;
			buildPhases = (
				5A6A79162CC6660700934DF3 /* Sources */,
				5A6A79172CC6660700934DF3 /* Frameworks */,
				5A6A79182CC6660700934DF3 /* Resources */,
			);
			buildRules = (
			);
			dependencies = (
			);
			name = WeatherAppSUI;
			packageProductDependencies = (
			);
			productName = WeatherAppSUI;
			productReference = 5A6A791A2CC6660700934DF3 /* WeatherAppSUI.app */;
			productType = "com.apple.product-type.application";
		};
/* End PBXNativeTarget section */

/* Begin PBXProject section */
		5A6A79122CC6660700934DF3 /* Project object */ = {
			isa = PBXProject;
			attributes = {
				BuildIndependentTargetsInParallel = 1;
				LastSwiftUpdateCheck = 1600;
				LastUpgradeCheck = 1600;
				TargetAttributes = {
					5A6A79192CC6660700934DF3 = {
						CreatedOnToolsVersion = 16.0;
					};
				};
			};
			buildConfigurationList = 5A6A79152CC6660700934DF3 /* Build configuration list for PBXProject "WeatherAppSUI" */;
			compatibilityVersion = "Xcode 15.3";
			developmentRegion = en;
			hasScannedForEncodings = 0;
			knownRegions = (
				en,
				Base,
			);
			mainGroup = 5A6A79112CC6660700934DF3;
			minimizedProjectReferenceProxies = 1;
			productRefGroup = 5A6A791B2CC6660700934DF3 /* Products */;
			projectDirPath = "";
			projectRoot = "";
			targets = (
				5A6A79192CC6660700934DF3 /* WeatherAppSUI */,
			);
		};
/* End PBXProject section */

/* Begin PBXResourcesBuildPhase section */
		5A6A79182CC6660700934DF3 /* Resources */ = {
			isa = PBXResourcesBuildPhase;
			buildActionMask = 2147483647;
			files = (
				5AB989D52CC8DA4C00FE92A2 /* Preview Assets.xcassets in Resources */,
				5AB989C32CC8D9EA00FE92A2 /* Assets.xcassets in Resources */,
			);
			runOnlyForDeploymentPostprocessing = 0;
		};
/* End PBXResourcesBuildPhase section */

/* Begin PBXSourcesBuildPhase section */
		5A6A79162CC6660700934DF3 /* Sources */ = {
			isa = PBXSourcesBuildPhase;
			buildActionMask = 2147483647;
			files = (
				5AB989D22CC8DA4A00FE92A2 /* NetworkHelpers.swift in Sources */,
				5AB989DA2CC8DA4E00FE92A2 /* ContentView.swift in Sources */,
				5AB989CA2CC8DA4600FE92A2 /* WeatherIcon.swift in Sources */,
				5AB989DF2CC8DA5100FE92A2 /* WeatherViewModel.swift in Sources */,
				5AB989C92CC8DA4600FE92A2 /* LocationManager.swift in Sources */,
				5AB989D12CC8DA4A00FE92A2 /* NetworkClient.swift in Sources */,
				5AB989DC2CC8DA4E00FE92A2 /* WeatherView.swift in Sources */,
				5AB989DB2CC8DA4E00FE92A2 /* LoadingView.swift in Sources */,
				5AB989C12CC8D9EA00FE92A2 /* WeatherAppSUIApp.swift in Sources */,
				5AB989CD2CC8DA4700FE92A2 /* ResponseStruct.swift in Sources */,
			);
			runOnlyForDeploymentPostprocessing = 0;
		};
/* End PBXSourcesBuildPhase section */

/* Begin XCBuildConfiguration section */
		5A6A79262CC6660900934DF3 /* Debug */ = {
			isa = XCBuildConfiguration;
			buildSettings = {
				ALWAYS_SEARCH_USER_PATHS = NO;
				ASSETCATALOG_COMPILER_GENERATE_SWIFT_ASSET_SYMBOL_EXTENSIONS = YES;
				CLANG_ANALYZER_NONNULL = YES;
				CLANG_ANALYZER_NUMBER_OBJECT_CONVERSION = YES_AGGRESSIVE;
				CLANG_CXX_LANGUAGE_STANDARD = "gnu++20";
				CLANG_ENABLE_MODULES = YES;
				CLANG_ENABLE_OBJC_ARC = YES;
				CLANG_ENABLE_OBJC_WEAK = YES;
				CLANG_WARN_BLOCK_CAPTURE_AUTORELEASING = YES;
				CLANG_WARN_BOOL_CONVERSION = YES;
				CLANG_WARN_COMMA = YES;
				CLANG_WARN_CONSTANT_CONVERSION = YES;
				CLANG_WARN_DEPRECATED_OBJC_IMPLEMENTATIONS = YES;
				CLANG_WARN_DIRECT_OBJC_ISA_USAGE = YES_ERROR;
				CLANG_WARN_DOCUMENTATION_COMMENTS = YES;
				CLANG_WARN_EMPTY_BODY = YES;
				CLANG_WARN_ENUM_CONVERSION = YES;
				CLANG_WARN_INFINITE_RECURSION = YES;
				CLANG_WARN_INT_CONVERSION = YES;
				CLANG_WARN_NON_LITERAL_NULL_CONVERSION = YES;
				CLANG_WARN_OBJC_IMPLICIT_RETAIN_SELF = YES;
				CLANG_WARN_OBJC_LITERAL_CONVERSION = YES;
				CLANG_WARN_OBJC_ROOT_CLASS = YES_ERROR;
				CLANG_WARN_QUOTED_INCLUDE_IN_FRAMEWORK_HEADER = YES;
				CLANG_WARN_RANGE_LOOP_ANALYSIS = YES;
				CLANG_WARN_STRICT_PROTOTYPES = YES;
				CLANG_WARN_SUSPICIOUS_MOVE = YES;
				CLANG_WARN_UNGUARDED_AVAILABILITY = YES_AGGRESSIVE;
				CLANG_WARN_UNREACHABLE_CODE = YES;
				CLANG_WARN__DUPLICATE_METHOD_MATCH = YES;
				COPY_PHASE_STRIP = NO;
				DEBUG_INFORMATION_FORMAT = dwarf;
				ENABLE_STRICT_OBJC_MSGSEND = YES;
				ENABLE_TESTABILITY = YES;
				ENABLE_USER_SCRIPT_SANDBOXING = YES;
				GCC_C_LANGUAGE_STANDARD = gnu17;
				GCC_DYNAMIC_NO_PIC = NO;
				GCC_NO_COMMON_BLOCKS = YES;
				GCC_OPTIMIZATION_LEVEL = 0;
				GCC_PREPROCESSOR_DEFINITIONS = (
					"DEBUG=1",
					"$(inherited)",
				);
				GCC_WARN_64_TO_32_BIT_CONVERSION = YES;
				GCC_WARN_ABOUT_RETURN_TYPE = YES_ERROR;
				GCC_WARN_UNDECLARED_SELECTOR = YES;
				GCC_WARN_UNINITIALIZED_AUTOS = YES_AGGRESSIVE;
				GCC_WARN_UNUSED_FUNCTION = YES;
				GCC_WARN_UNUSED_VARIABLE = YES;
				IPHONEOS_DEPLOYMENT_TARGET = 18.0;
				LOCALIZATION_PREFERS_STRING_CATALOGS = YES;
				MTL_ENABLE_DEBUG_INFO = INCLUDE_SOURCE;
				MTL_FAST_MATH = YES;
				ONLY_ACTIVE_ARCH = YES;
				SDKROOT = iphoneos;
				SWIFT_ACTIVE_COMPILATION_CONDITIONS = "DEBUG $(inherited)";
				SWIFT_OPTIMIZATION_LEVEL = "-Onone";
			};
			name = Debug;
		};
		5A6A79272CC6660900934DF3 /* Release */ = {
			isa = XCBuildConfiguration;
			buildSettings = {
				ALWAYS_SEARCH_USER_PATHS = NO;
				ASSETCATALOG_COMPILER_GENERATE_SWIFT_ASSET_SYMBOL_EXTENSIONS = YES;
				CLANG_ANALYZER_NONNULL = YES;
				CLANG_ANALYZER_NUMBER_OBJECT_CONVERSION = YES_AGGRESSIVE;
				CLANG_CXX_LANGUAGE_STANDARD = "gnu++20";
				CLANG_ENABLE_MODULES = YES;
				CLANG_ENABLE_OBJC_ARC = YES;
				CLANG_ENABLE_OBJC_WEAK = YES;
				CLANG_WARN_BLOCK_CAPTURE_AUTORELEASING = YES;
				CLANG_WARN_BOOL_CONVERSION = YES;
				CLANG_WARN_COMMA = YES;
				CLANG_WARN_CONSTANT_CONVERSION = YES;
				CLANG_WARN_DEPRECATED_OBJC_IMPLEMENTATIONS = YES;
				CLANG_WARN_DIRECT_OBJC_ISA_USAGE = YES_ERROR;
				CLANG_WARN_DOCUMENTATION_COMMENTS = YES;
				CLANG_WARN_EMPTY_BODY = YES;
				CLANG_WARN_ENUM_CONVERSION = YES;
				CLANG_WARN_INFINITE_RECURSION = YES;
				CLANG_WARN_INT_CONVERSION = YES;
				CLANG_WARN_NON_LITERAL_NULL_CONVERSION = YES;
				CLANG_WARN_OBJC_IMPLICIT_RETAIN_SELF = YES;
				CLANG_WARN_OBJC_LITERAL_CONVERSION = YES;
				CLANG_WARN_OBJC_ROOT_CLASS = YES_ERROR;
				CLANG_WARN_QUOTED_INCLUDE_IN_FRAMEWORK_HEADER = YES;
				CLANG_WARN_RANGE_LOOP_ANALYSIS = YES;
				CLANG_WARN_STRICT_PROTOTYPES = YES;
				CLANG_WARN_SUSPICIOUS_MOVE = YES;
				CLANG_WARN_UNGUARDED_AVAILABILITY = YES_AGGRESSIVE;
				CLANG_WARN_UNREACHABLE_CODE = YES;
				CLANG_WARN__DUPLICATE_METHOD_MATCH = YES;
				COPY_PHASE_STRIP = NO;
				DEBUG_INFORMATION_FORMAT = "dwarf-with-dsym";
				ENABLE_NS_ASSERTIONS = NO;
				ENABLE_STRICT_OBJC_MSGSEND = YES;
				ENABLE_USER_SCRIPT_SANDBOXING = YES;
				GCC_C_LANGUAGE_STANDARD = gnu17;
				GCC_NO_COMMON_BLOCKS = YES;
				GCC_WARN_64_TO_32_BIT_CONVERSION = YES;
				GCC_WARN_ABOUT_RETURN_TYPE = YES_ERROR;
				GCC_WARN_UNDECLARED_SELECTOR = YES;
				GCC_WARN_UNINITIALIZED_AUTOS = YES_AGGRESSIVE;
				GCC_WARN_UNUSED_FUNCTION = YES;
				GCC_WARN_UNUSED_VARIABLE = YES;
				IPHONEOS_DEPLOYMENT_TARGET = 18.0;
				LOCALIZATION_PREFERS_STRING_CATALOGS = YES;
				MTL_ENABLE_DEBUG_INFO = NO;
				MTL_FAST_MATH = YES;
				SDKROOT = iphoneos;
				SWIFT_COMPILATION_MODE = wholemodule;
				VALIDATE_PRODUCT = YES;
			};
			name = Release;
		};
		5A6A79292CC6660900934DF3 /* Debug */ = {
			isa = XCBuildConfiguration;
			buildSettings = {
				ASSETCATALOG_COMPILER_APPICON_NAME = AppIcon;
				ASSETCATALOG_COMPILER_GLOBAL_ACCENT_COLOR_NAME = AccentColor;
				CODE_SIGN_STYLE = Automatic;
				CURRENT_PROJECT_VERSION = 1;
				DEVELOPMENT_ASSET_PATHS = "\"WeatherAppSUI/Preview Content\"";
				DEVELOPMENT_TEAM = 5BRAJ87SV2;
				ENABLE_PREVIEWS = YES;
				GENERATE_INFOPLIST_FILE = YES;
				INFOPLIST_FILE = WeatherAppSUI/Info.plist;
				INFOPLIST_KEY_NSLocationAlwaysAndWhenInUseUsageDescription = "Ваше местоположение нужно для определения погодных условий";
				INFOPLIST_KEY_NSLocationAlwaysUsageDescription = "Ваше местоположение нужно для определения погодных условий";
				INFOPLIST_KEY_NSLocationWhenInUseUsageDescription = "Ваше местоположение нужно для определения погодных условий";
				INFOPLIST_KEY_UIApplicationSceneManifest_Generation = YES;
				INFOPLIST_KEY_UIApplicationSupportsIndirectInputEvents = YES;
				INFOPLIST_KEY_UISupportedInterfaceOrientations = UIInterfaceOrientationPortrait;
				INFOPLIST_KEY_UISupportedInterfaceOrientations_iPad = "UIInterfaceOrientationLandscapeLeft UIInterfaceOrientationLandscapeRight UIInterfaceOrientationPortrait UIInterfaceOrientationPortraitUpsideDown";
				IPHONEOS_DEPLOYMENT_TARGET = 16.6;
				LD_RUNPATH_SEARCH_PATHS = (
					"$(inherited)",
					"@executable_path/Frameworks",
				);
				MARKETING_VERSION = 1.0;
				PRODUCT_BUNDLE_IDENTIFIER = com.maxzim121.WeatherAppSUI;
				PRODUCT_NAME = "$(TARGET_NAME)";
				SUPPORTED_PLATFORMS = "iphoneos iphonesimulator";
				SUPPORTS_MACCATALYST = NO;
				SUPPORTS_MAC_DESIGNED_FOR_IPHONE_IPAD = NO;
				SUPPORTS_XR_DESIGNED_FOR_IPHONE_IPAD = NO;
				SWIFT_EMIT_LOC_STRINGS = YES;
				SWIFT_VERSION = 5.0;
				TARGETED_DEVICE_FAMILY = 1;
			};
			name = Debug;
		};
		5A6A792A2CC6660900934DF3 /* Release */ = {
			isa = XCBuildConfiguration;
			buildSettings = {
				ASSETCATALOG_COMPILER_APPICON_NAME = AppIcon;
				ASSETCATALOG_COMPILER_GLOBAL_ACCENT_COLOR_NAME = AccentColor;
				CODE_SIGN_STYLE = Automatic;
				CURRENT_PROJECT_VERSION = 1;
				DEVELOPMENT_ASSET_PATHS = "\"WeatherAppSUI/Preview Content\"";
				DEVELOPMENT_TEAM = 5BRAJ87SV2;
				ENABLE_PREVIEWS = YES;
				GENERATE_INFOPLIST_FILE = YES;
				INFOPLIST_FILE = WeatherAppSUI/Info.plist;
				INFOPLIST_KEY_NSLocationAlwaysAndWhenInUseUsageDescription = "Ваше местоположение нужно для определения погодных условий";
				INFOPLIST_KEY_NSLocationAlwaysUsageDescription = "Ваше местоположение нужно для определения погодных условий";
				INFOPLIST_KEY_NSLocationWhenInUseUsageDescription = "Ваше местоположение нужно для определения погодных условий";
				INFOPLIST_KEY_UIApplicationSceneManifest_Generation = YES;
				INFOPLIST_KEY_UIApplicationSupportsIndirectInputEvents = YES;
				INFOPLIST_KEY_UISupportedInterfaceOrientations = UIInterfaceOrientationPortrait;
				INFOPLIST_KEY_UISupportedInterfaceOrientations_iPad = "UIInterfaceOrientationLandscapeLeft UIInterfaceOrientationLandscapeRight UIInterfaceOrientationPortrait UIInterfaceOrientationPortraitUpsideDown";
				IPHONEOS_DEPLOYMENT_TARGET = 16.6;
				LD_RUNPATH_SEARCH_PATHS = (
					"$(inherited)",
					"@executable_path/Frameworks",
				);
				MARKETING_VERSION = 1.0;
				PRODUCT_BUNDLE_IDENTIFIER = com.maxzim121.WeatherAppSUI;
				PRODUCT_NAME = "$(TARGET_NAME)";
				SUPPORTED_PLATFORMS = "iphoneos iphonesimulator";
				SUPPORTS_MACCATALYST = NO;
				SUPPORTS_MAC_DESIGNED_FOR_IPHONE_IPAD = NO;
				SUPPORTS_XR_DESIGNED_FOR_IPHONE_IPAD = NO;
				SWIFT_EMIT_LOC_STRINGS = YES;
				SWIFT_VERSION = 5.0;
				TARGETED_DEVICE_FAMILY = 1;
			};
			name = Release;
		};
/* End XCBuildConfiguration section */

/* Begin XCConfigurationList section */
		5A6A79152CC6660700934DF3 /* Build configuration list for PBXProject "WeatherAppSUI" */ = {
			isa = XCConfigurationList;
			buildConfigurations = (
				5A6A79262CC6660900934DF3 /* Debug */,
				5A6A79272CC6660900934DF3 /* Release */,
			);
			defaultConfigurationIsVisible = 0;
			defaultConfigurationName = Release;
		};
		5A6A79282CC6660900934DF3 /* Build configuration list for PBXNativeTarget "WeatherAppSUI" */ = {
			isa = XCConfigurationList;
			buildConfigurations = (
				5A6A79292CC6660900934DF3 /* Debug */,
				5A6A792A2CC6660900934DF3 /* Release */,
			);
			defaultConfigurationIsVisible = 0;
			defaultConfigurationName = Release;
		};
/* End XCConfigurationList section */
	};
	rootObject = 5A6A79122CC6660700934DF3 /* Project object */;
}
